
Microsoft Visual Studio Solution File, Format Version 12.00
# Visual Studio Version 17
VisualStudioVersion = 17.1.32228.430
MinimumVisualStudioVersion = 10.0.40219.1
Project("{FAE04EC0-301F-11D3-BF4B-00C04F79EFBC}") = "ModernDashboard", "ModernDashboard\ModernDashboard.csproj", "{BD93B329-16D9-492A-876C-EF3B1505F031}"
EndProject
Global
	GlobalSection(SolutionConfigurationPlatforms) = preSolution
		Debug|Any CPU = Debug|Any CPU
		Release|Any CPU = Release|Any CPU
	EndGlobalSection
	GlobalSection(ProjectConfigurationPlatforms) = postSolution
		{BD93B329-16D9-492A-876C-EF3B1505F031}.Debug|Any CPU.ActiveCfg = Debug|Any CPU
		{BD93B329-16D9-492A-876C-EF3B1505F031}.Debug|Any CPU.Build.0 = Debug|Any CPU
		{BD93B329-16D9-492A-876C-EF3B1505F031}.Release|Any CPU.ActiveCfg = Release|Any CPU
		{BD93B329-16D9-492A-876C-EF3B1505F031}.Release|Any CPU.Build.0 = Release|Any CPU
	EndGlobalSection
	GlobalSection(SolutionProperties) = preSolution
		HideSolutionNode = FALSE
	EndGlobalSection
	GlobalSection(ExtensibilityGlobals) = postSolution
		SolutionGuid = {CE404F0A-18BD-416C-9FDE-68DA9A93DAC8}
	EndGlobalSection
EndGlobal
